Microsoft Visual Studio Solution File, Format Version 12.00
# Visual Studio Version 16
VisualStudioVersion = 16.0.31112.23
MinimumVisualStudioVersion = 10.0.40219.1
Project("{2150E333-8FDC-42A3-9474-1A3956D46DE8}") = ".paket", ".paket", "{78331D52-9B59-4779-933C-EFE1C19D0D2B}"
	ProjectSection(SolutionItems) = preProject
		..\paket.dependencies = ..\paket.dependencies
	EndProjectSection
EndProject
Project("{2150E333-8FDC-42A3-9474-1A3956D46DE8}") = "Examples", "Examples", "{AE631D61-6BE6-438F-A535-955BB9A0218F}"
EndProject
Project("{2150E333-8FDC-42A3-9474-1A3956D46DE8}") = "build", "build", "{DC286C58-6D9D-4B8B-9C0D-F6E8CDB0D28E}"
	ProjectSection(SolutionItems) = preProject
		..\build\Bootstrap.proj = ..\build\Bootstrap.proj
		..\build\Build.bat = ..\build\Build.bat
		..\build\Main.proj = ..\build\Main.proj
	EndProjectSection
EndProject
Project("{2150E333-8FDC-42A3-9474-1A3956D46DE8}") = "NuGet", "NuGet", "{B5A8AA26-1434-40D0-87BB-C1B8ED01F8D1}"
	ProjectSection(SolutionItems) = preProject
		NuGet\docopt.net.nuspec = NuGet\docopt.net.nuspec
		NuGet\install.ps1 = NuGet\install.ps1
		NuGet\Main.usage.txt = NuGet\Main.usage.txt
	EndProjectSection
EndProject
Project("{9A19103F-16F7-4668-BE54-9A1E7A4F7556}") = "DocoptNet", "DocoptNet\DocoptNet.csproj", "{D87F19B8-A15F-4BC2-8E1C-47CC6038A0DF}"
EndProject
Project("{9A19103F-16F7-4668-BE54-9A1E7A4F7556}") = "DocoptNet.Tests", "DocoptNet.Tests\DocoptNet.Tests.csproj", "{80A9BB30-873C-47E9-8314-5E53AC66E8B7}"
EndProject
Project("{FAE04EC0-301F-11D3-BF4B-00C04F79EFBC}") = "NavalFate", "Examples\NavalFate\NavalFate.csproj", "{2B454F8B-D702-4281-80DF-367142007B0C}"
EndProject
Project("{FAE04EC0-301F-11D3-BF4B-00C04F79EFBC}") = "Testee", "Testee\Testee.csproj", "{C3490CAE-5A69-4852-BD61-50179D587D0D}"
EndProject
Project("{FAE04EC0-301F-11D3-BF4B-00C04F79EFBC}") = "T4DocoptNetHostApp", "T4DocoptNetHostApp\T4DocoptNetHostApp.csproj", "{5A641DFB-CB1A-4044-AF52-554CC8904449}"
EndProject
Global
	GlobalSection(SolutionConfigurationPlatforms) = preSolution
		Debug|Any CPU = Debug|Any CPU
		Debug|Mixed Platforms = Debug|Mixed Platforms
		Debug|x86 = Debug|x86
		Release|Any CPU = Release|Any CPU
		Release|Mixed Platforms = Release|Mixed Platforms
		Release|x86 = Release|x86
	EndGlobalSection
	GlobalSection(ProjectConfigurationPlatforms) = postSolution
		{D87F19B8-A15F-4BC2-8E1C-47CC6038A0DF}.Debug|Any CPU.ActiveCfg = Debug|Any CPU
		{D87F19B8-A15F-4BC2-8E1C-47CC6038A0DF}.Debug|Any CPU.Build.0 = Debug|Any CPU
		{D87F19B8-A15F-4BC2-8E1C-47CC6038A0DF}.Debug|Mixed Platforms.ActiveCfg = Debug|Any CPU
		{D87F19B8-A15F-4BC2-8E1C-47CC6038A0DF}.Debug|Mixed Platforms.Build.0 = Debug|Any CPU
		{D87F19B8-A15F-4BC2-8E1C-47CC6038A0DF}.Debug|x86.ActiveCfg = Debug|Any CPU
		{D87F19B8-A15F-4BC2-8E1C-47CC6038A0DF}.Debug|x86.Build.0 = Debug|Any CPU
		{D87F19B8-A15F-4BC2-8E1C-47CC6038A0DF}.Release|Any CPU.ActiveCfg = Release|Any CPU
		{D87F19B8-A15F-4BC2-8E1C-47CC6038A0DF}.Release|Any CPU.Build.0 = Release|Any CPU
		{D87F19B8-A15F-4BC2-8E1C-47CC6038A0DF}.Release|Mixed Platforms.ActiveCfg = Release|Any CPU
		{D87F19B8-A15F-4BC2-8E1C-47CC6038A0DF}.Release|Mixed Platforms.Build.0 = Release|Any CPU
		{D87F19B8-A15F-4BC2-8E1C-47CC6038A0DF}.Release|x86.ActiveCfg = Release|Any CPU
		{D87F19B8-A15F-4BC2-8E1C-47CC6038A0DF}.Release|x86.Build.0 = Release|Any CPU
		{80A9BB30-873C-47E9-8314-5E53AC66E8B7}.Debug|Any CPU.ActiveCfg = Debug|Any CPU
		{80A9BB30-873C-47E9-8314-5E53AC66E8B7}.Debug|Any CPU.Build.0 = Debug|Any CPU
		{80A9BB30-873C-47E9-8314-5E53AC66E8B7}.Debug|Mixed Platforms.ActiveCfg = Debug|Any CPU
		{80A9BB30-873C-47E9-8314-5E53AC66E8B7}.Debug|Mixed Platforms.Build.0 = Debug|Any CPU
		{80A9BB30-873C-47E9-8314-5E53AC66E8B7}.Debug|x86.ActiveCfg = Debug|Any CPU
		{80A9BB30-873C-47E9-8314-5E53AC66E8B7}.Release|Any CPU.ActiveCfg = Release|Any CPU
		{80A9BB30-873C-47E9-8314-5E53AC66E8B7}.Release|Any CPU.Build.0 = Release|Any CPU
		{80A9BB30-873C-47E9-8314-5E53AC66E8B7}.Release|Mixed Platforms.ActiveCfg = Release|Any CPU
		{80A9BB30-873C-47E9-8314-5E53AC66E8B7}.Release|Mixed Platforms.Build.0 = Release|Any CPU
		{80A9BB30-873C-47E9-8314-5E53AC66E8B7}.Release|x86.ActiveCfg = Release|Any CPU
		{2B454F8B-D702-4281-80DF-367142007B0C}.Debug|Any CPU.ActiveCfg = Debug|Any CPU
		{2B454F8B-D702-4281-80DF-367142007B0C}.Debug|Any CPU.Build.0 = Debug|Any CPU
		{2B454F8B-D702-4281-80DF-367142007B0C}.Debug|Mixed Platforms.ActiveCfg = Debug|Any CPU
		{2B454F8B-D702-4281-80DF-367142007B0C}.Debug|Mixed Platforms.Build.0 = Debug|Any CPU
		{2B454F8B-D702-4281-80DF-367142007B0C}.Debug|x86.ActiveCfg = Debug|Any CPU
		{2B454F8B-D702-4281-80DF-367142007B0C}.Release|Any CPU.ActiveCfg = Release|Any CPU
		{2B454F8B-D702-4281-80DF-367142007B0C}.Release|Any CPU.Build.0 = Release|Any CPU
		{2B454F8B-D702-4281-80DF-367142007B0C}.Release|Mixed Platforms.ActiveCfg = Release|Any CPU
		{2B454F8B-D702-4281-80DF-367142007B0C}.Release|Mixed Platforms.Build.0 = Release|Any CPU
		{2B454F8B-D702-4281-80DF-367142007B0C}.Release|x86.ActiveCfg = Release|Any CPU
		{C3490CAE-5A69-4852-BD61-50179D587D0D}.Debug|Any CPU.ActiveCfg = Debug|Any CPU
		{C3490CAE-5A69-4852-BD61-50179D587D0D}.Debug|Any CPU.Build.0 = Debug|Any CPU
		{C3490CAE-5A69-4852-BD61-50179D587D0D}.Debug|Mixed Platforms.ActiveCfg = Debug|Any CPU
		{C3490CAE-5A69-4852-BD61-50179D587D0D}.Debug|Mixed Platforms.Build.0 = Debug|Any CPU
		{C3490CAE-5A69-4852-BD61-50179D587D0D}.Debug|x86.ActiveCfg = Debug|Any CPU
		{C3490CAE-5A69-4852-BD61-50179D587D0D}.Release|Any CPU.ActiveCfg = Release|Any CPU
		{C3490CAE-5A69-4852-BD61-50179D587D0D}.Release|Any CPU.Build.0 = Release|Any CPU
		{C3490CAE-5A69-4852-BD61-50179D587D0D}.Release|Mixed Platforms.ActiveCfg = Release|Any CPU
		{C3490CAE-5A69-4852-BD61-50179D587D0D}.Release|Mixed Platforms.Build.0 = Release|Any CPU
		{C3490CAE-5A69-4852-BD61-50179D587D0D}.Release|x86.ActiveCfg = Release|Any CPU
		{5A641DFB-CB1A-4044-AF52-554CC8904449}.Debug|Any CPU.ActiveCfg = Debug|Any CPU
		{5A641DFB-CB1A-4044-AF52-554CC8904449}.Debug|Any CPU.Build.0 = Debug|Any CPU
		{5A641DFB-CB1A-4044-AF52-554CC8904449}.Debug|Mixed Platforms.ActiveCfg = Debug|Any CPU
		{5A641DFB-CB1A-4044-AF52-554CC8904449}.Debug|Mixed Platforms.Build.0 = Debug|Any CPU
		{5A641DFB-CB1A-4044-AF52-554CC8904449}.Debug|x86.ActiveCfg = Debug|Any CPU
		{5A641DFB-CB1A-4044-AF52-554CC8904449}.Release|Any CPU.ActiveCfg = Release|Any CPU
		{5A641DFB-CB1A-4044-AF52-554CC8904449}.Release|Any CPU.Build.0 = Release|Any CPU
		{5A641DFB-CB1A-4044-AF52-554CC8904449}.Release|Mixed Platforms.ActiveCfg = Release|Any CPU
		{5A641DFB-CB1A-4044-AF52-554CC8904449}.Release|Mixed Platforms.Build.0 = Release|Any CPU
		{5A641DFB-CB1A-4044-AF52-554CC8904449}.Release|x86.ActiveCfg = Release|Any CPU
	EndGlobalSection
	GlobalSection(SolutionProperties) = preSolution
		HideSolutionNode = FALSE
	EndGlobalSection
	GlobalSection(NestedProjects) = preSolution
		{2B454F8B-D702-4281-80DF-367142007B0C} = {AE631D61-6BE6-438F-A535-955BB9A0218F}
	EndGlobalSection
	GlobalSection(ExtensibilityGlobals) = postSolution
		SolutionGuid = {3DEED27A-6D3F-4F2E-A5D5-1F71648F2413}
	EndGlobalSection
EndGlobal
